
Microsoft Visual Studio Solution File, Format Version 12.00
# Visual Studio Version 17
VisualStudioVersion = 17.8.34525.116
MinimumVisualStudioVersion = 10.0.40219.1
Project("{FAE04EC0-301F-11D3-BF4B-00C04F79EFBC}") = "Registros", "Registros\Registros.csproj", "{50BCC4DE-366E-4C14-8BD0-B75C5A3430C9}"
EndProject
Global
	GlobalSection(SolutionConfigurationPlatforms) = preSolution
		Debug|Any CPU = Debug|Any CPU
		Release|Any CPU = Release|Any CPU
	EndGlobalSection
	GlobalSection(ProjectConfigurationPlatforms) = postSolution
		{50BCC4DE-366E-4C14-8BD0-B75C5A3430C9}.Debug|Any CPU.ActiveCfg = Debug|Any CPU
		{50BCC4DE-366E-4C14-8BD0-B75C5A3430C9}.Debug|Any CPU.Build.0 = Debug|Any CPU
		{50BCC4DE-366E-4C14-8BD0-B75C5A3430C9}.Release|Any CPU.ActiveCfg = Release|Any CPU
		{50BCC4DE-366E-4C14-8BD0-B75C5A3430C9}.Release|Any CPU.Build.0 = Release|Any CPU
	EndGlobalSection
	GlobalSection(SolutionProperties) = preSolution
		HideSolutionNode = FALSE
	EndGlobalSection
	GlobalSection(ExtensibilityGlobals) = postSolution
		SolutionGuid = {32ED63E0-8578-467A-8497-0736E7583D21}
	EndGlobalSection
EndGlobal
